// !$*UTF8*$!
{
	archiveVersion = 1;
	classes = {
	};
	objectVersion = 77;
	objects = {

/* Begin PBXBuildFile section */
		07E7175B3741C759F1A7E36E /* ThoughtBubbleView.swift in Sources */ = {isa = PBXBuildFile; fileRef = 23C55B1498B0686040D82842 /* ThoughtBubbleView.swift */; };
		1C40EF371DE2E7F8CFD17BA6 /* MonkinSVGRenderer.swift in Sources */ = {isa = PBXBuildFile; fileRef = 374FBC3AE5F8FDE54C48AE0C /* MonkinSVGRenderer.swift */; };
		1CA1D9BFCEE8B6C20F49491F /* MonkinSVGRenderer.swift in Sources */ = {isa = PBXBuildFile; fileRef = 374FBC3AE5F8FDE54C48AE0C /* MonkinSVGRenderer.swift */; };
		2286961B07E3515A68EC5E02 /* MonkinMotion.swift in Sources */ = {isa = PBXBuildFile; fileRef = FA259F8011B91DC7749D9783 /* MonkinMotion.swift */; };
		274B6ADE10140F21862F23F3 /* RiveRuntime in Frameworks */ = {isa = PBXBuildFile; productRef = D6D3EA9A65088A5EB15F3A94 /* RiveRuntime */; };
		30E221AF13766F47688D7D70 /* monkin-coffeehouse.svg in Resources */ = {isa = PBXBuildFile; fileRef = BF6AECE4060D86371CB314E9 /* monkin-coffeehouse.svg */; };
		3A0AAF31F043FE5EBED3C1D6 /* MonkinFigureSpec.swift in Sources */ = {isa = PBXBuildFile; fileRef = 238AF9B0C44C5C6B2B6E2E8F /* MonkinFigureSpec.swift */; };
		3C361B05F4F7E2B183FA0AF3 /* MotionInterpreter.swift in Sources */ = {isa = PBXBuildFile; fileRef = C0940CDFF5F59A828487C9E9 /* MotionInterpreter.swift */; };
		3CE1A75716BE71D665DD3990 /* ScreenTextReader.swift in Sources */ = {isa = PBXBuildFile; fileRef = 395F67661E4495E9A4ECF1BB /* ScreenTextReader.swift */; };
		3F1999BF920C8F92682B4E25 /* MotionProgram.swift in Sources */ = {isa = PBXBuildFile; fileRef = 8019186EB2AF8ED6323976FC /* MotionProgram.swift */; };
		4A50D32A25B1860E615EBE6E /* SportsPropView.swift in Sources */ = {isa = PBXBuildFile; fileRef = A9F53A7E4DD4E22DADE79F09 /* SportsPropView.swift */; };
		546E0E08D37CBBD4DD70B6A4 /* MotionBenchmarkWindowController.swift in Sources */ = {isa = PBXBuildFile; fileRef = 539B44FFB5C1C46DF672A232 /* MotionBenchmarkWindowController.swift */; };
		547C4D63062D2A1E558BDA9E /* MotionPresets.swift in Sources */ = {isa = PBXBuildFile; fileRef = 77211061102FE28544665630 /* MotionPresets.swift */; };
		568EA246271928489D841E20 /* monkin-zen-desk.svg in Resources */ = {isa = PBXBuildFile; fileRef = 1BAA124D665540F62015C322 /* monkin-zen-desk.svg */; };
		580F3518DAFB2DF82C71F30E /* AppDelegate.swift in Sources */ = {isa = PBXBuildFile; fileRef = 5665016EDEA8646928D618A7 /* AppDelegate.swift */; };
		5EE2430A00A1255BA25DC397 /* PetWindowController.swift in Sources */ = {isa = PBXBuildFile; fileRef = 05E0F1586DF3634EE09F2F5A /* PetWindowController.swift */; };
		609ACBBDC24D31789082D596 /* MonkinTelemetry.swift in Sources */ = {isa = PBXBuildFile; fileRef = 47064D3791B1DC4EABEABBF6 /* MonkinTelemetry.swift */; };
		74118FD2CECB27FEA8A1B824 /* monkin-night-owl.svg in Resources */ = {isa = PBXBuildFile; fileRef = 80F4549E3AB4610B0300B685 /* monkin-night-owl.svg */; };
		7C840D1D960ED59D156FA7DA /* monkin-monkey.riv in Resources */ = {isa = PBXBuildFile; fileRef = C323E90CF293AE1470D88912 /* monkin-monkey.riv */; };
		7CDEF50D71299755DCC3D4E6 /* RivePetRenderer.swift in Sources */ = {isa = PBXBuildFile; fileRef = 4CE201E27EF9E3C004CC9164 /* RivePetRenderer.swift */; };
		864FA3CAF4EE8C3D9CC079D1 /* WaterPoolWindow.swift in Sources */ = {isa = PBXBuildFile; fileRef = 6BB750B782C204E48E84A203 /* WaterPoolWindow.swift */; };
		932391BFB5D0750693FBC173 /* PetView.swift in Sources */ = {isa = PBXBuildFile; fileRef = 3553E2E4B7888DE53F62A953 /* PetView.swift */; };
		A267930675C172CAED2300DF /* monkin-starry.svg in Resources */ = {isa = PBXBuildFile; fileRef = 59BA87D48AADD7F0BF321536 /* monkin-starry.svg */; };
		AAB20385145EFC4C6778E0FE /* MotionPresets.swift in Sources */ = {isa = PBXBuildFile; fileRef = 77211061102FE28544665630 /* MotionPresets.swift */; };
		ACF484BB9DE60B66C491F7FA /* monkin-night-owl.svg in Resources */ = {isa = PBXBuildFile; fileRef = 80F4549E3AB4610B0300B685 /* monkin-night-owl.svg */; };
		B0086B42D28ACA7E9CB786C7 /* MonkinThought.swift in Sources */ = {isa = PBXBuildFile; fileRef = B2190F3BA291F55E016409E5 /* MonkinThought.swift */; };
		B32D628204B236FB0E7ADA29 /* MonkinPose.swift in Sources */ = {isa = PBXBuildFile; fileRef = DFB73B8762E37249E13E7BCB /* MonkinPose.swift */; };
		B4F5D5372C607E5B70112553 /* monkin-coffeehouse.svg in Resources */ = {isa = PBXBuildFile; fileRef = BF6AECE4060D86371CB314E9 /* monkin-coffeehouse.svg */; };
		BC3EDA21D1FE0F0710D939BF /* MonkinScreenSaverView.swift in Sources */ = {isa = PBXBuildFile; fileRef = D4BAC44FF007556E4AE4C887 /* MonkinScreenSaverView.swift */; };
		C821235AB4DA7016D1C4109D /* MotionInterpreter.swift in Sources */ = {isa = PBXBuildFile; fileRef = C0940CDFF5F59A828487C9E9 /* MotionInterpreter.swift */; };
		D0B899C42B32143F49485C9E /* MonkinScreenSaverView.swift in Sources */ = {isa = PBXBuildFile; fileRef = D4BAC44FF007556E4AE4C887 /* MonkinScreenSaverView.swift */; };
		D1D5370009B6FFDF61046B2B /* monkin-retro.svg in Resources */ = {isa = PBXBuildFile; fileRef = CD95B63B7358EF9078B96935 /* monkin-retro.svg */; };
		D290C70A69F294D32629DAAE /* SportsPropView.swift in Sources */ = {isa = PBXBuildFile; fileRef = A9F53A7E4DD4E22DADE79F09 /* SportsPropView.swift */; };
		D502A9BE31595552099B99C3 /* monkin-retro.svg in Resources */ = {isa = PBXBuildFile; fileRef = CD95B63B7358EF9078B96935 /* monkin-retro.svg */; };
		D78BF4F0BB5560180B1C2715 /* MonkinPose.swift in Sources */ = {isa = PBXBuildFile; fileRef = DFB73B8762E37249E13E7BCB /* MonkinPose.swift */; };
		DE469FCE45AA46044FF3FCE5 /* ScreenWorldReader.swift in Sources */ = {isa = PBXBuildFile; fileRef = 2230341D1D8EC02CA480AA23 /* ScreenWorldReader.swift */; };
		E2412D920C8C9E5BC647F277 /* monkin-starry.svg in Resources */ = {isa = PBXBuildFile; fileRef = 59BA87D48AADD7F0BF321536 /* monkin-starry.svg */; };
		E66EB09F3244E7DCF0874E76 /* MonkinMotion.swift in Sources */ = {isa = PBXBuildFile; fileRef = FA259F8011B91DC7749D9783 /* MonkinMotion.swift */; };
		E78DCA17291B52030902A2EE /* PetView.swift in Sources */ = {isa = PBXBuildFile; fileRef = 3553E2E4B7888DE53F62A953 /* PetView.swift */; };
		E7FD43DE75123264F5F3C07C /* MotionGraph.swift in Sources */ = {isa = PBXBuildFile; fileRef = 2ED84385177D34C4418D20F6 /* MotionGraph.swift */; };
		E8735739CAC66EB5EC8C9296 /* MonkinFigureSpec.swift in Sources */ = {isa = PBXBuildFile; fileRef = 238AF9B0C44C5C6B2B6E2E8F /* MonkinFigureSpec.swift */; };
		EE2E2F44D60C5F20C7D6B3A0 /* MotionProgram.swift in Sources */ = {isa = PBXBuildFile; fileRef = 8019186EB2AF8ED6323976FC /* MotionProgram.swift */; };
		F0BE1510DA8A6FF8946ED061 /* ScreenSaver-Info.plist in Resources */ = {isa = PBXBuildFile; fileRef = 97B70E63078CE29D061B3DCE /* ScreenSaver-Info.plist */; };
		F5AD178202705C44748AAEC8 /* monkin-zen-desk.svg in Resources */ = {isa = PBXBuildFile; fileRef = 1BAA124D665540F62015C322 /* monkin-zen-desk.svg */; };
/* End PBXBuildFile section */

/* Begin PBXFileReference section */
		05E0F1586DF3634EE09F2F5A /* PetWindowController.swift */ = {isa = PBXFileReference; lastKnownFileType = sourcecode.swift; path = PetWindowController.swift; sourceTree = "<group>"; };
		1BAA124D665540F62015C322 /* monkin-zen-desk.svg */ = {isa = PBXFileReference; path = "monkin-zen-desk.svg"; sourceTree = "<group>"; };
		2230341D1D8EC02CA480AA23 /* ScreenWorldReader.swift */ = {isa = PBXFileReference; lastKnownFileType = sourcecode.swift; path = ScreenWorldReader.swift; sourceTree = "<group>"; };
		238AF9B0C44C5C6B2B6E2E8F /* MonkinFigureSpec.swift */ = {isa = PBXFileReference; lastKnownFileType = sourcecode.swift; path = MonkinFigureSpec.swift; sourceTree = "<group>"; };
		23C55B1498B0686040D82842 /* ThoughtBubbleView.swift */ = {isa = PBXFileReference; lastKnownFileType = sourcecode.swift; path = ThoughtBubbleView.swift; sourceTree = "<group>"; };
		2ED84385177D34C4418D20F6 /* MotionGraph.swift */ = {isa = PBXFileReference; lastKnownFileType = sourcecode.swift; path = MotionGraph.swift; sourceTree = "<group>"; };
		336BB3163FEDCD47FBF46CBA /* MonkinScreenSaver.bundle */ = {isa = PBXFileReference; explicitFileType = wrapper.cfbundle; includeInIndex = 0; path = MonkinScreenSaver.bundle; sourceTree = BUILT_PRODUCTS_DIR; };
		3553E2E4B7888DE53F62A953 /* PetView.swift */ = {isa = PBXFileReference; lastKnownFileType = sourcecode.swift; path = PetView.swift; sourceTree = "<group>"; };
		374FBC3AE5F8FDE54C48AE0C /* MonkinSVGRenderer.swift */ = {isa = PBXFileReference; lastKnownFileType = sourcecode.swift; path = MonkinSVGRenderer.swift; sourceTree = "<group>"; };
		395F67661E4495E9A4ECF1BB /* ScreenTextReader.swift */ = {isa = PBXFileReference; lastKnownFileType = sourcecode.swift; path = ScreenTextReader.swift; sourceTree = "<group>"; };
		47064D3791B1DC4EABEABBF6 /* MonkinTelemetry.swift */ = {isa = PBXFileReference; lastKnownFileType = sourcecode.swift; path = MonkinTelemetry.swift; sourceTree = "<group>"; };
		4CE201E27EF9E3C004CC9164 /* RivePetRenderer.swift */ = {isa = PBXFileReference; lastKnownFileType = sourcecode.swift; path = RivePetRenderer.swift; sourceTree = "<group>"; };
		539B44FFB5C1C46DF672A232 /* MotionBenchmarkWindowController.swift */ = {isa = PBXFileReference; lastKnownFileType = sourcecode.swift; path = MotionBenchmarkWindowController.swift; sourceTree = "<group>"; };
		5665016EDEA8646928D618A7 /* AppDelegate.swift */ = {isa = PBXFileReference; lastKnownFileType = sourcecode.swift; path = AppDelegate.swift; sourceTree = "<group>"; };
		59BA87D48AADD7F0BF321536 /* monkin-starry.svg */ = {isa = PBXFileReference; path = "monkin-starry.svg"; sourceTree = "<group>"; };
		6BB750B782C204E48E84A203 /* WaterPoolWindow.swift */ = {isa = PBXFileReference; lastKnownFileType = sourcecode.swift; path = WaterPoolWindow.swift; sourceTree = "<group>"; };
		77211061102FE28544665630 /* MotionPresets.swift */ = {isa = PBXFileReference; lastKnownFileType = sourcecode.swift; path = MotionPresets.swift; sourceTree = "<group>"; };
		8019186EB2AF8ED6323976FC /* MotionProgram.swift */ = {isa = PBXFileReference; lastKnownFileType = sourcecode.swift; path = MotionProgram.swift; sourceTree = "<group>"; };
		80F4549E3AB4610B0300B685 /* monkin-night-owl.svg */ = {isa = PBXFileReference; path = "monkin-night-owl.svg"; sourceTree = "<group>"; };
		81F1CBAFAAA8AA205E475E19 /* Monkin.app */ = {isa = PBXFileReference; explicitFileType = wrapper.application; includeInIndex = 0; path = Monkin.app; sourceTree = BUILT_PRODUCTS_DIR; };
		97B70E63078CE29D061B3DCE /* ScreenSaver-Info.plist */ = {isa = PBXFileReference; lastKnownFileType = text.plist; path = "ScreenSaver-Info.plist"; sourceTree = "<group>"; };
		A9F53A7E4DD4E22DADE79F09 /* SportsPropView.swift */ = {isa = PBXFileReference; lastKnownFileType = sourcecode.swift; path = SportsPropView.swift; sourceTree = "<group>"; };
		B2190F3BA291F55E016409E5 /* MonkinThought.swift */ = {isa = PBXFileReference; lastKnownFileType = sourcecode.swift; path = MonkinThought.swift; sourceTree = "<group>"; };
		B35915515ED8A57FBE6807EE /* Info.plist */ = {isa = PBXFileReference; lastKnownFileType = text.plist; path = Info.plist; sourceTree = "<group>"; };
		BF6AECE4060D86371CB314E9 /* monkin-coffeehouse.svg */ = {isa = PBXFileReference; path = "monkin-coffeehouse.svg"; sourceTree = "<group>"; };
		BF7DB7304AD48EB98CF8A525 /* Monkin.entitlements */ = {isa = PBXFileReference; lastKnownFileType = text.plist.entitlements; path = Monkin.entitlements; sourceTree = "<group>"; };
		C0940CDFF5F59A828487C9E9 /* MotionInterpreter.swift */ = {isa = PBXFileReference; lastKnownFileType = sourcecode.swift; path = MotionInterpreter.swift; sourceTree = "<group>"; };
		C323E90CF293AE1470D88912 /* monkin-monkey.riv */ = {isa = PBXFileReference; path = "monkin-monkey.riv"; sourceTree = "<group>"; };
		CD95B63B7358EF9078B96935 /* monkin-retro.svg */ = {isa = PBXFileReference; path = "monkin-retro.svg"; sourceTree = "<group>"; };
		D4BAC44FF007556E4AE4C887 /* MonkinScreenSaverView.swift */ = {isa = PBXFileReference; lastKnownFileType = sourcecode.swift; path = MonkinScreenSaverView.swift; sourceTree = "<group>"; };
		DFB73B8762E37249E13E7BCB /* MonkinPose.swift */ = {isa = PBXFileReference; lastKnownFileType = sourcecode.swift; path = MonkinPose.swift; sourceTree = "<group>"; };
		FA259F8011B91DC7749D9783 /* MonkinMotion.swift */ = {isa = PBXFileReference; lastKnownFileType = sourcecode.swift; path = MonkinMotion.swift; sourceTree = "<group>"; };
/* End PBXFileReference section */

/* Begin PBXFrameworksBuildPhase section */
		445889C62027C2324FD7FEB4 /* Frameworks */ = {
			isa = PBXFrameworksBuildPhase;
			buildActionMask = 2147483647;
			files = (
				274B6ADE10140F21862F23F3 /* RiveRuntime in Frameworks */,
			);
			runOnlyForDeploymentPostprocessing = 0;
		};
/* End PBXFrameworksBuildPhase section */

/* Begin PBXGroup section */
		32FB129CC8E73A93FE25D88E /* Monkin */ = {
			isa = PBXGroup;
			children = (
				5665016EDEA8646928D618A7 /* AppDelegate.swift */,
				B35915515ED8A57FBE6807EE /* Info.plist */,
				BF7DB7304AD48EB98CF8A525 /* Monkin.entitlements */,
				238AF9B0C44C5C6B2B6E2E8F /* MonkinFigureSpec.swift */,
				FA259F8011B91DC7749D9783 /* MonkinMotion.swift */,
				DFB73B8762E37249E13E7BCB /* MonkinPose.swift */,
				D4BAC44FF007556E4AE4C887 /* MonkinScreenSaverView.swift */,
				374FBC3AE5F8FDE54C48AE0C /* MonkinSVGRenderer.swift */,
				47064D3791B1DC4EABEABBF6 /* MonkinTelemetry.swift */,
				B2190F3BA291F55E016409E5 /* MonkinThought.swift */,
				539B44FFB5C1C46DF672A232 /* MotionBenchmarkWindowController.swift */,
				2ED84385177D34C4418D20F6 /* MotionGraph.swift */,
				C0940CDFF5F59A828487C9E9 /* MotionInterpreter.swift */,
				77211061102FE28544665630 /* MotionPresets.swift */,
				8019186EB2AF8ED6323976FC /* MotionProgram.swift */,
				3553E2E4B7888DE53F62A953 /* PetView.swift */,
				05E0F1586DF3634EE09F2F5A /* PetWindowController.swift */,
				4CE201E27EF9E3C004CC9164 /* RivePetRenderer.swift */,
				97B70E63078CE29D061B3DCE /* ScreenSaver-Info.plist */,
				395F67661E4495E9A4ECF1BB /* ScreenTextReader.swift */,
				2230341D1D8EC02CA480AA23 /* ScreenWorldReader.swift */,
				A9F53A7E4DD4E22DADE79F09 /* SportsPropView.swift */,
				23C55B1498B0686040D82842 /* ThoughtBubbleView.swift */,
				6BB750B782C204E48E84A203 /* WaterPoolWindow.swift */,
				8DC2793AC6C0F5313A787E50 /* Resources */,
			);
			path = Monkin;
			sourceTree = "<group>";
		};
		8DC2793AC6C0F5313A787E50 /* Resources */ = {
			isa = PBXGroup;
			children = (
				BF6AECE4060D86371CB314E9 /* monkin-coffeehouse.svg */,
				C323E90CF293AE1470D88912 /* monkin-monkey.riv */,
				80F4549E3AB4610B0300B685 /* monkin-night-owl.svg */,
				CD95B63B7358EF9078B96935 /* monkin-retro.svg */,
				59BA87D48AADD7F0BF321536 /* monkin-starry.svg */,
				1BAA124D665540F62015C322 /* monkin-zen-desk.svg */,
			);
			path = Resources;
			sourceTree = "<group>";
		};
		C79D338087EA08F9FE045F5B = {
			isa = PBXGroup;
			children = (
				32FB129CC8E73A93FE25D88E /* Monkin */,
				D03BCDE4DE833F18C341B2AD /* Products */,
			);
			sourceTree = "<group>";
		};
		D03BCDE4DE833F18C341B2AD /* Products */ = {
			isa = PBXGroup;
			children = (
				81F1CBAFAAA8AA205E475E19 /* Monkin.app */,
				336BB3163FEDCD47FBF46CBA /* MonkinScreenSaver.bundle */,
			);
			name = Products;
			sourceTree = "<group>";
		};
/* End PBXGroup section */

/* Begin PBXNativeTarget section */
		3100AA68A18BD8E4010D8325 /* MonkinScreenSaver */ = {
			isa = PBXNativeTarget;
			buildConfigurationList = 0AC7BD2AE098BB96B9666A8E /* Build configuration list for PBXNativeTarget "MonkinScreenSaver" */;
			buildPhases = (
				6F3424F63DDEAECFFB112037 /* Sources */,
				6347F2023724E3695467B0EC /* Resources */,
			);
			buildRules = (
			);
			dependencies = (
			);
			name = MonkinScreenSaver;
			packageProductDependencies = (
			);
			productName = MonkinScreenSaver;
			productReference = 336BB3163FEDCD47FBF46CBA /* MonkinScreenSaver.bundle */;
			productType = "com.apple.product-type.bundle";
		};
		CFEB86D27051739B59578688 /* Monkin */ = {
			isa = PBXNativeTarget;
			buildConfigurationList = B469D40838CECB47041E15B3 /* Build configuration list for PBXNativeTarget "Monkin" */;
			buildPhases = (
				B428DD7F27DC14A9AEB55F87 /* Sources */,
				C57D05602ECCE4F76CD733A2 /* Resources */,
				445889C62027C2324FD7FEB4 /* Frameworks */,
			);
			buildRules = (
			);
			dependencies = (
			);
			name = Monkin;
			packageProductDependencies = (
				D6D3EA9A65088A5EB15F3A94 /* RiveRuntime */,
			);
			productName = Monkin;
			productReference = 81F1CBAFAAA8AA205E475E19 /* Monkin.app */;
			productType = "com.apple.product-type.application";
		};
/* End PBXNativeTarget section */

/* Begin PBXProject section */
		C9BA9CA77CFEF3A441939214 /* Project object */ = {
			isa = PBXProject;
			attributes = {
				BuildIndependentTargetsInParallel = YES;
				LastUpgradeCheck = 1430;
				TargetAttributes = {
					3100AA68A18BD8E4010D8325 = {
						DevelopmentTeam = RYLS8UDY5D;
						ProvisioningStyle = Manual;
					};
					CFEB86D27051739B59578688 = {
						DevelopmentTeam = RYLS8UDY5D;
						ProvisioningStyle = Manual;
					};
				};
			};
			buildConfigurationList = 6F482FC714CF993D7AD0CD08 /* Build configuration list for PBXProject "Monkin" */;
			developmentRegion = en;
			hasScannedForEncodings = 0;
			knownRegions = (
				Base,
				en,
			);
			mainGroup = C79D338087EA08F9FE045F5B;
			minimizedProjectReferenceProxies = 1;
			packageReferences = (
				1EC9CFEBBE6F3D5A32541D1C /* XCRemoteSwiftPackageReference "rive-ios" */,
			);
			preferredProjectObjectVersion = 77;
			productRefGroup = D03BCDE4DE833F18C341B2AD /* Products */;
			projectDirPath = "";
			projectRoot = "";
			targets = (
				CFEB86D27051739B59578688 /* Monkin */,
				3100AA68A18BD8E4010D8325 /* MonkinScreenSaver */,
			);
		};
/* End PBXProject section */

/* Begin PBXResourcesBuildPhase section */
		6347F2023724E3695467B0EC /* Resources */ = {
			isa = PBXResourcesBuildPhase;
			buildActionMask = 2147483647;
			files = (
				30E221AF13766F47688D7D70 /* monkin-coffeehouse.svg in Resources */,
				ACF484BB9DE60B66C491F7FA /* monkin-night-owl.svg in Resources */,
				D1D5370009B6FFDF61046B2B /* monkin-retro.svg in Resources */,
				A267930675C172CAED2300DF /* monkin-starry.svg in Resources */,
				568EA246271928489D841E20 /* monkin-zen-desk.svg in Resources */,
			);
			runOnlyForDeploymentPostprocessing = 0;
		};
		C57D05602ECCE4F76CD733A2 /* Resources */ = {
			isa = PBXResourcesBuildPhase;
			buildActionMask = 2147483647;
			files = (
				F0BE1510DA8A6FF8946ED061 /* ScreenSaver-Info.plist in Resources */,
				B4F5D5372C607E5B70112553 /* monkin-coffeehouse.svg in Resources */,
				7C840D1D960ED59D156FA7DA /* monkin-monkey.riv in Resources */,
				74118FD2CECB27FEA8A1B824 /* monkin-night-owl.svg in Resources */,
				D502A9BE31595552099B99C3 /* monkin-retro.svg in Resources */,
				E2412D920C8C9E5BC647F277 /* monkin-starry.svg in Resources */,
				F5AD178202705C44748AAEC8 /* monkin-zen-desk.svg in Resources */,
			);
			runOnlyForDeploymentPostprocessing = 0;
		};
/* End PBXResourcesBuildPhase section */

/* Begin PBXSourcesBuildPhase section */
		6F3424F63DDEAECFFB112037 /* Sources */ = {
			isa = PBXSourcesBuildPhase;
			buildActionMask = 2147483647;
			files = (
				E8735739CAC66EB5EC8C9296 /* MonkinFigureSpec.swift in Sources */,
				2286961B07E3515A68EC5E02 /* MonkinMotion.swift in Sources */,
				D78BF4F0BB5560180B1C2715 /* MonkinPose.swift in Sources */,
				1CA1D9BFCEE8B6C20F49491F /* MonkinSVGRenderer.swift in Sources */,
				BC3EDA21D1FE0F0710D939BF /* MonkinScreenSaverView.swift in Sources */,
				3C361B05F4F7E2B183FA0AF3 /* MotionInterpreter.swift in Sources */,
				547C4D63062D2A1E558BDA9E /* MotionPresets.swift in Sources */,
				3F1999BF920C8F92682B4E25 /* MotionProgram.swift in Sources */,
				932391BFB5D0750693FBC173 /* PetView.swift in Sources */,
				4A50D32A25B1860E615EBE6E /* SportsPropView.swift in Sources */,
			);
			runOnlyForDeploymentPostprocessing = 0;
		};
		B428DD7F27DC14A9AEB55F87 /* Sources */ = {
			isa = PBXSourcesBuildPhase;
			buildActionMask = 2147483647;
			files = (
				580F3518DAFB2DF82C71F30E /* AppDelegate.swift in Sources */,
				3A0AAF31F043FE5EBED3C1D6 /* MonkinFigureSpec.swift in Sources */,
				E66EB09F3244E7DCF0874E76 /* MonkinMotion.swift in Sources */,
				B32D628204B236FB0E7ADA29 /* MonkinPose.swift in Sources */,
				1C40EF371DE2E7F8CFD17BA6 /* MonkinSVGRenderer.swift in Sources */,
				D0B899C42B32143F49485C9E /* MonkinScreenSaverView.swift in Sources */,
				609ACBBDC24D31789082D596 /* MonkinTelemetry.swift in Sources */,
				B0086B42D28ACA7E9CB786C7 /* MonkinThought.swift in Sources */,
				546E0E08D37CBBD4DD70B6A4 /* MotionBenchmarkWindowController.swift in Sources */,
				E7FD43DE75123264F5F3C07C /* MotionGraph.swift in Sources */,
				C821235AB4DA7016D1C4109D /* MotionInterpreter.swift in Sources */,
				AAB20385145EFC4C6778E0FE /* MotionPresets.swift in Sources */,
				EE2E2F44D60C5F20C7D6B3A0 /* MotionProgram.swift in Sources */,
				E78DCA17291B52030902A2EE /* PetView.swift in Sources */,
				5EE2430A00A1255BA25DC397 /* PetWindowController.swift in Sources */,
				7CDEF50D71299755DCC3D4E6 /* RivePetRenderer.swift in Sources */,
				3CE1A75716BE71D665DD3990 /* ScreenTextReader.swift in Sources */,
				DE469FCE45AA46044FF3FCE5 /* ScreenWorldReader.swift in Sources */,
				D290C70A69F294D32629DAAE /* SportsPropView.swift in Sources */,
				07E7175B3741C759F1A7E36E /* ThoughtBubbleView.swift in Sources */,
				864FA3CAF4EE8C3D9CC079D1 /* WaterPoolWindow.swift in Sources */,
			);
			runOnlyForDeploymentPostprocessing = 0;
		};
/* End PBXSourcesBuildPhase section */

/* Begin XCBuildConfiguration section */
		198AF265195FEEB11A8C1FEB /* Release */ = {
			isa = XCBuildConfiguration;
			buildSettings = {
				ALWAYS_SEARCH_USER_PATHS = NO;
				CLANG_ANALYZER_NONNULL = YES;
				CLANG_ANALYZER_NUMBER_OBJECT_CONVERSION = YES_AGGRESSIVE;
				CLANG_CXX_LANGUAGE_STANDARD = "gnu++14";
				CLANG_CXX_LIBRARY = "libc++";
				CLANG_ENABLE_MODULES = YES;
				CLANG_ENABLE_OBJC_ARC = YES;
				CLANG_ENABLE_OBJC_WEAK = YES;
				CLANG_WARN_BLOCK_CAPTURE_AUTORELEASING = YES;
				CLANG_WARN_BOOL_CONVERSION = YES;
				CLANG_WARN_COMMA = YES;
				CLANG_WARN_CONSTANT_CONVERSION = YES;
				CLANG_WARN_DEPRECATED_OBJC_IMPLEMENTATIONS = YES;
				CLANG_WARN_DIRECT_OBJC_ISA_USAGE = YES_ERROR;
				CLANG_WARN_DOCUMENTATION_COMMENTS = YES;
				CLANG_WARN_EMPTY_BODY = YES;
				CLANG_WARN_ENUM_CONVERSION = YES;
				CLANG_WARN_INFINITE_RECURSION = YES;
				CLANG_WARN_INT_CONVERSION = YES;
				CLANG_WARN_NON_LITERAL_NULL_CONVERSION = YES;
				CLANG_WARN_OBJC_IMPLICIT_RETAIN_SELF = YES;
				CLANG_WARN_OBJC_LITERAL_CONVERSION = YES;
				CLANG_WARN_OBJC_ROOT_CLASS = YES_ERROR;
				CLANG_WARN_QUOTED_INCLUDE_IN_FRAMEWORK_HEADER = YES;
				CLANG_WARN_RANGE_LOOP_ANALYSIS = YES;
				CLANG_WARN_STRICT_PROTOTYPES = YES;
				CLANG_WARN_SUSPICIOUS_MOVE = YES;
				CLANG_WARN_UNGUARDED_AVAILABILITY = YES_AGGRESSIVE;
				CLANG_WARN_UNREACHABLE_CODE = YES;
				CLANG_WARN__DUPLICATE_METHOD_MATCH = YES;
				CODE_SIGN_INJECT_BASE_ENTITLEMENTS = NO;
				CODE_SIGN_STYLE = Manual;
				COPY_PHASE_STRIP = NO;
				DEBUG_INFORMATION_FORMAT = "dwarf-with-dsym";
				ENABLE_NS_ASSERTIONS = NO;
				ENABLE_STRICT_OBJC_MSGSEND = YES;
				GCC_C_LANGUAGE_STANDARD = gnu11;
				GCC_NO_COMMON_BLOCKS = YES;
				GCC_WARN_64_TO_32_BIT_CONVERSION = YES;
				GCC_WARN_ABOUT_RETURN_TYPE = YES_ERROR;
				GCC_WARN_UNDECLARED_SELECTOR = YES;
				GCC_WARN_UNINITIALIZED_AUTOS = YES_AGGRESSIVE;
				GCC_WARN_UNUSED_FUNCTION = YES;
				GCC_WARN_UNUSED_VARIABLE = YES;
				MACOSX_DEPLOYMENT_TARGET = 13.0;
				MTL_ENABLE_DEBUG_INFO = NO;
				MTL_FAST_MATH = YES;
				PRODUCT_NAME = "$(TARGET_NAME)";
				SDKROOT = macosx;
				SWIFT_COMPILATION_MODE = wholemodule;
				SWIFT_OPTIMIZATION_LEVEL = "-O";
				SWIFT_VERSION = 5.0;
			};
			name = Release;
		};
		1FEEBE600B91EF37046872BD /* Debug */ = {
			isa = XCBuildConfiguration;
			buildSettings = {
				CODE_SIGN_ENTITLEMENTS = Monkin/Monkin.entitlements;
				CODE_SIGN_IDENTITY = "Developer ID Application";
				COMBINE_HIDPI_IMAGES = YES;
				DEVELOPMENT_TEAM = RYLS8UDY5D;
				INFOPLIST_FILE = "Monkin/ScreenSaver-Info.plist";
				LD_RUNPATH_SEARCH_PATHS = (
					"$(inherited)",
					"@executable_path/../Frameworks",
				);
				OTHER_LDFLAGS = "$(inherited) -framework ScreenSaver";
				PRODUCT_BUNDLE_IDENTIFIER = com.banyudu.monkin.screensaver;
				PRODUCT_NAME = Monkin;
				SDKROOT = macosx;
				WRAPPER_EXTENSION = saver;
			};
			name = Debug;
		};
		333FA1CD120D753D7B31B49F /* Release */ = {
			isa = XCBuildConfiguration;
			buildSettings = {
				CODE_SIGN_ENTITLEMENTS = Monkin/Monkin.entitlements;
				CODE_SIGN_IDENTITY = "Developer ID Application";
				COMBINE_HIDPI_IMAGES = YES;
				DEVELOPMENT_TEAM = RYLS8UDY5D;
				INFOPLIST_FILE = "Monkin/ScreenSaver-Info.plist";
				LD_RUNPATH_SEARCH_PATHS = (
					"$(inherited)",
					"@executable_path/../Frameworks",
				);
				OTHER_LDFLAGS = "$(inherited) -framework ScreenSaver";
				PRODUCT_BUNDLE_IDENTIFIER = com.banyudu.monkin.screensaver;
				PRODUCT_NAME = Monkin;
				SDKROOT = macosx;
				WRAPPER_EXTENSION = saver;
			};
			name = Release;
		};
		3632F05541374EA38430B832 /* Debug */ = {
			isa = XCBuildConfiguration;
			buildSettings = {
				ASSETCATALOG_COMPILER_APPICON_NAME = AppIcon;
				CODE_SIGN_ENTITLEMENTS = Monkin/Monkin.entitlements;
				CODE_SIGN_IDENTITY = "Developer ID Application";
				COMBINE_HIDPI_IMAGES = YES;
				DEVELOPMENT_TEAM = RYLS8UDY5D;
				INFOPLIST_FILE = Monkin/Info.plist;
				LD_RUNPATH_SEARCH_PATHS = "$(inherited) @executable_path/../Frameworks";
				MACOSX_DEPLOYMENT_TARGET = 13.1;
				PRODUCT_BUNDLE_IDENTIFIER = com.banyudu.monkin;
				PRODUCT_NAME = Monkin;
				SDKROOT = macosx;
			};
			name = Debug;
		};
		64D9A4EEB55149330E385897 /* Release */ = {
			isa = XCBuildConfiguration;
			buildSettings = {
				ASSETCATALOG_COMPILER_APPICON_NAME = AppIcon;
				CODE_SIGN_ENTITLEMENTS = Monkin/Monkin.entitlements;
				CODE_SIGN_IDENTITY = "Developer ID Application";
				COMBINE_HIDPI_IMAGES = YES;
				DEVELOPMENT_TEAM = RYLS8UDY5D;
				INFOPLIST_FILE = Monkin/Info.plist;
				LD_RUNPATH_SEARCH_PATHS = "$(inherited) @executable_path/../Frameworks";
				MACOSX_DEPLOYMENT_TARGET = 13.1;
				PRODUCT_BUNDLE_IDENTIFIER = com.banyudu.monkin;
				PRODUCT_NAME = Monkin;
				SDKROOT = macosx;
			};
			name = Release;
		};
		740CC941DCF6BF7B9852048F /* Debug */ = {
			isa = XCBuildConfiguration;
			buildSettings = {
				ALWAYS_SEARCH_USER_PATHS = NO;
				CLANG_ANALYZER_NONNULL = YES;
				CLANG_ANALYZER_NUMBER_OBJECT_CONVERSION = YES_AGGRESSIVE;
				CLANG_CXX_LANGUAGE_STANDARD = "gnu++14";
				CLANG_CXX_LIBRARY = "libc++";
				CLANG_ENABLE_MODULES = YES;
				CLANG_ENABLE_OBJC_ARC = YES;
				CLANG_ENABLE_OBJC_WEAK = YES;
				CLANG_WARN_BLOCK_CAPTURE_AUTORELEASING = YES;
				CLANG_WARN_BOOL_CONVERSION = YES;
				CLANG_WARN_COMMA = YES;
				CLANG_WARN_CONSTANT_CONVERSION = YES;
				CLANG_WARN_DEPRECATED_OBJC_IMPLEMENTATIONS = YES;
				CLANG_WARN_DIRECT_OBJC_ISA_USAGE = YES_ERROR;
				CLANG_WARN_DOCUMENTATION_COMMENTS = YES;
				CLANG_WARN_EMPTY_BODY = YES;
				CLANG_WARN_ENUM_CONVERSION = YES;
				CLANG_WARN_INFINITE_RECURSION = YES;
				CLANG_WARN_INT_CONVERSION = YES;
				CLANG_WARN_NON_LITERAL_NULL_CONVERSION = YES;
				CLANG_WARN_OBJC_IMPLICIT_RETAIN_SELF = YES;
				CLANG_WARN_OBJC_LITERAL_CONVERSION = YES;
				CLANG_WARN_OBJC_ROOT_CLASS = YES_ERROR;
				CLANG_WARN_QUOTED_INCLUDE_IN_FRAMEWORK_HEADER = YES;
				CLANG_WARN_RANGE_LOOP_ANALYSIS = YES;
				CLANG_WARN_STRICT_PROTOTYPES = YES;
				CLANG_WARN_SUSPICIOUS_MOVE = YES;
				CLANG_WARN_UNGUARDED_AVAILABILITY = YES_AGGRESSIVE;
				CLANG_WARN_UNREACHABLE_CODE = YES;
				CLANG_WARN__DUPLICATE_METHOD_MATCH = YES;
				CODE_SIGN_INJECT_BASE_ENTITLEMENTS = NO;
				CODE_SIGN_STYLE = Manual;
				COPY_PHASE_STRIP = NO;
				DEBUG_INFORMATION_FORMAT = dwarf;
				ENABLE_STRICT_OBJC_MSGSEND = YES;
				ENABLE_TESTABILITY = YES;
				GCC_C_LANGUAGE_STANDARD = gnu11;
				GCC_DYNAMIC_NO_PIC = NO;
				GCC_NO_COMMON_BLOCKS = YES;
				GCC_OPTIMIZATION_LEVEL = 0;
				GCC_PREPROCESSOR_DEFINITIONS = (
					"$(inherited)",
					"DEBUG=1",
				);
				GCC_WARN_64_TO_32_BIT_CONVERSION = YES;
				GCC_WARN_ABOUT_RETURN_TYPE = YES_ERROR;
				GCC_WARN_UNDECLARED_SELECTOR = YES;
				GCC_WARN_UNINITIALIZED_AUTOS = YES_AGGRESSIVE;
				GCC_WARN_UNUSED_FUNCTION = YES;
				GCC_WARN_UNUSED_VARIABLE = YES;
				MACOSX_DEPLOYMENT_TARGET = 13.0;
				MTL_ENABLE_DEBUG_INFO = INCLUDE_SOURCE;
				MTL_FAST_MATH = YES;
				ONLY_ACTIVE_ARCH = YES;
				PRODUCT_NAME = "$(TARGET_NAME)";
				SDKROOT = macosx;
				SWIFT_ACTIVE_COMPILATION_CONDITIONS = DEBUG;
				SWIFT_OPTIMIZATION_LEVEL = "-Onone";
				SWIFT_VERSION = 5.0;
			};
			name = Debug;
		};
/* End XCBuildConfiguration section */

/* Begin XCConfigurationList section */
		0AC7BD2AE098BB96B9666A8E /* Build configuration list for PBXNativeTarget "MonkinScreenSaver" */ = {
			isa = XCConfigurationList;
			buildConfigurations = (
				1FEEBE600B91EF37046872BD /* Debug */,
				333FA1CD120D753D7B31B49F /* Release */,
			);
			defaultConfigurationIsVisible = 0;
			defaultConfigurationName = Debug;
		};
		6F482FC714CF993D7AD0CD08 /* Build configuration list for PBXProject "Monkin" */ = {
			isa = XCConfigurationList;
			buildConfigurations = (
				740CC941DCF6BF7B9852048F /* Debug */,
				198AF265195FEEB11A8C1FEB /* Release */,
			);
			defaultConfigurationIsVisible = 0;
			defaultConfigurationName = Debug;
		};
		B469D40838CECB47041E15B3 /* Build configuration list for PBXNativeTarget "Monkin" */ = {
			isa = XCConfigurationList;
			buildConfigurations = (
				3632F05541374EA38430B832 /* Debug */,
				64D9A4EEB55149330E385897 /* Release */,
			);
			defaultConfigurationIsVisible = 0;
			defaultConfigurationName = Debug;
		};
/* End XCConfigurationList section */

/* Begin XCRemoteSwiftPackageReference section */
		1EC9CFEBBE6F3D5A32541D1C /* XCRemoteSwiftPackageReference "rive-ios" */ = {
			isa = XCRemoteSwiftPackageReference;
			repositoryURL = "https://github.com/rive-app/rive-ios";
			requirement = {
				kind = exactVersion;
				version = 6.22.1;
			};
		};
/* End XCRemoteSwiftPackageReference section */

/* Begin XCSwiftPackageProductDependency section */
		D6D3EA9A65088A5EB15F3A94 /* RiveRuntime */ = {
			isa = XCSwiftPackageProductDependency;
			package = 1EC9CFEBBE6F3D5A32541D1C /* XCRemoteSwiftPackageReference "rive-ios" */;
			productName = RiveRuntime;
		};
/* End XCSwiftPackageProductDependency section */
	};
	rootObject = C9BA9CA77CFEF3A441939214 /* Project object */;
}
